schema: '2.0'
stages:
  render-score:
    cmd: nix run .#render-b0d93aa9-c69d-4b88-8432-1588eea622fc
    deps:
    - path: flake.lock
      hash: md5
      md5: 6a21cca91947c258cf9ac502091e3bde
      size: 567
    - path: flake.nix
      hash: md5
      md5: f8ac755fa3d87c5ff525cf68d8970c8d
      size: 15551
    - path: tracks/b0d93aa9-c69d-4b88-8432-1588eea622fc/score.ly
      hash: md5
      md5: ad9a59abaaa21366e0d01bf3acd4d443
      size: 2195
    outs:
    - path: build/avantasia--lost-in-space/score.midi
      hash: md5
      md5: a7f1f6801a99728f73d5596babab9977
      size: 414
    - path: build/avantasia--lost-in-space/score.pdf
      hash: md5
      md5: 1a7612345deed5e2476f219092a75509
      size: 91567
  render-solo-audition:
    cmd: nix run .#render-midi-audition -- 
      build/avantasia--lost-in-space/score.midi 
      build/avantasia--lost-in-space/solo.mp3
    deps:
    - path: build/avantasia--lost-in-space/score.midi
      hash: md5
      md5: a7f1f6801a99728f73d5596babab9977
      size: 414
    - path: flake.lock
      hash: md5
      md5: 6a21cca91947c258cf9ac502091e3bde
      size: 567
    - path: flake.nix
      hash: md5
      md5: f8ac755fa3d87c5ff525cf68d8970c8d
      size: 15551
    - path: scripts/render-midi-audition
      hash: md5
      md5: 0ee6e7c31c03a795a3141c1d3ad2e3dd
      size: 901
    outs:
    - path: build/avantasia--lost-in-space/solo.mp3
      hash: md5
      md5: 6032c3e76e03908efa93ca2028d4629f
      size: 125585
  fetch-reference:
    cmd: nix run .#fetch-youtube-audio -- 
      https://www.youtube.com/watch?v=o26SlmROH5Q 251 
      347c79c178a498e5788550989e7d0f516cf6cd805fe91347d6aa43d8e368dd5d 
      tracks/b0d93aa9-c69d-4b88-8432-1588eea622fc/reference/audio/youtube-o26SlmROH5Q.webm
    deps:
    - path: flake.lock
      hash: md5
      md5: 6a21cca91947c258cf9ac502091e3bde
      size: 567
    - path: flake.nix
      hash: md5
      md5: f8ac755fa3d87c5ff525cf68d8970c8d
      size: 15551
    - path: scripts/fetch-youtube-audio
      hash: md5
      md5: 3f1e74083aaa34ecbcd7cc254c1045b9
      size: 714
    outs:
    - path: 
        tracks/b0d93aa9-c69d-4b88-8432-1588eea622fc/reference/audio/youtube-o26SlmROH5Q.webm
      hash: md5
      md5: 973815e59f51161371eff642d457a52f
      size: 3608773
