schema: '2.0'
stages:
  render-score:
    cmd: nix run .#render-b0d93aa9-c69d-4b88-8432-1588eea622fc
    deps:
    - path: flake.lock
      hash: md5
      md5: 2e457881a3463366e4c1ee8a5fc058d5
      size: 567
    - path: flake.nix
      hash: md5
      md5: f8ac755fa3d87c5ff525cf68d8970c8d
      size: 15551
    - path: tracks/b0d93aa9-c69d-4b88-8432-1588eea622fc/score.ly
      hash: md5
      md5: c11f73b6a4f7f7d5ac689757fff8f92f
      size: 2101
    outs:
    - path: build/avantasia--lost-in-space/score.midi
      hash: md5
      md5: 8f47071d33188d75e6e9087659c2d162
      size: 385
    - path: build/avantasia--lost-in-space/score.pdf
      hash: md5
      md5: 2fbefb3ca2819a630397d2dc81cae323
      size: 89219
  render-solo-audition:
    cmd: nix run .#render-midi-audition -- 
      build/avantasia--lost-in-space/score.midi 
      build/avantasia--lost-in-space/solo.mp3
    deps:
    - path: build/avantasia--lost-in-space/score.midi
      hash: md5
      md5: 8f47071d33188d75e6e9087659c2d162
      size: 385
    - path: flake.lock
      hash: md5
      md5: 2e457881a3463366e4c1ee8a5fc058d5
      size: 567
    - path: flake.nix
      hash: md5
      md5: f8ac755fa3d87c5ff525cf68d8970c8d
      size: 15551
    - path: scripts/render-midi-audition
      hash: md5
      md5: 0ee6e7c31c03a795a3141c1d3ad2e3dd
      size: 901
    outs:
    - path: build/avantasia--lost-in-space/solo.mp3
      hash: md5
      md5: 80fbec35a711612575f1fa933c45100e
      size: 126319
