schema: '2.0'
stages:
  render-score:
    cmd: nix run .#render-b0d93aa9-c69d-4b88-8432-1588eea622fc
    deps:
    - path: flake.lock
      hash: md5
      md5: 2e457881a3463366e4c1ee8a5fc058d5
      size: 567
    - path: flake.nix
      hash: md5
      md5: f8ac755fa3d87c5ff525cf68d8970c8d
      size: 15551
    - path: tracks/b0d93aa9-c69d-4b88-8432-1588eea622fc/score.ly
      hash: md5
      md5: 55bf5f59840499f237604f62a9d4393a
      size: 964
    outs:
    - path: build/avantasia--lost-in-space/score.midi
      hash: md5
      md5: 15a829e1002cf70aa2b7c89db7070fd1
      size: 121
    - path: build/avantasia--lost-in-space/score.pdf
      hash: md5
      md5: 96873a192e19bb2292abb572dbf475c1
      size: 77143
