schema: '2.0'
stages:
  fetch-reference:
    cmd: nix run .#fetch-youtube-audio -- 
      https://www.youtube.com/watch?v=nDxJJ_aEt2g 251 
      e5c03bed98e78f063fadad2bb7cfb761a44c4d525b6a07a8b63141e9c9d92f30 
      tracks/e889154d-ae2d-43f0-bd2d-df87d068c0f3/reference/audio/youtube-nDxJJ_aEt2g.webm
    deps:
    - path: flake.lock
      hash: md5
      md5: 2e457881a3463366e4c1ee8a5fc058d5
      size: 567
    - path: flake.nix
      hash: md5
      md5: aa4cb222ffc0f7ac19ec28ab0002d61f
      size: 13300
    - path: scripts/fetch-youtube-audio
      hash: md5
      md5: 3f1e74083aaa34ecbcd7cc254c1045b9
      size: 714
    outs:
    - path: 
        tracks/e889154d-ae2d-43f0-bd2d-df87d068c0f3/reference/audio/youtube-nDxJJ_aEt2g.webm
      hash: md5
      md5: 5d79602ada254c4be57bded20f69dd63
      size: 3054107
  render-score:
    cmd: nix run .#render-e889154d-ae2d-43f0-bd2d-df87d068c0f3
    deps:
    - path: flake.lock
      hash: md5
      md5: 2e457881a3463366e4c1ee8a5fc058d5
      size: 567
    - path: flake.nix
      hash: md5
      md5: aa4cb222ffc0f7ac19ec28ab0002d61f
      size: 13300
    - path: tracks/e889154d-ae2d-43f0-bd2d-df87d068c0f3/score.ly
      hash: md5
      md5: 08b8cba4d47566fee5dc4a3fff3e159e
      size: 1411
    outs:
    - path: build/moi-rakety-vverh--blown-away/score.midi
      hash: md5
      md5: f55380c50b3840338924af66e7129430
      size: 329
    - path: build/moi-rakety-vverh--blown-away/score.pdf
      hash: md5
      md5: 99c325784afdc85d05b04d16096e39c5
      size: 70554
  render-solo-audition:
    cmd: nix run .#render-midi-audition -- 
      build/moi-rakety-vverh--blown-away/score.midi 
      build/moi-rakety-vverh--blown-away/solos/blown-away-solo.mp3 10.9
    deps:
    - path: build/moi-rakety-vverh--blown-away/score.midi
      hash: md5
      md5: f55380c50b3840338924af66e7129430
      size: 329
    - path: flake.lock
      hash: md5
      md5: 2e457881a3463366e4c1ee8a5fc058d5
      size: 567
    - path: flake.nix
      hash: md5
      md5: aa4cb222ffc0f7ac19ec28ab0002d61f
      size: 13300
    - path: scripts/render-midi-audition
      hash: md5
      md5: 0ee6e7c31c03a795a3141c1d3ad2e3dd
      size: 901
    outs:
    - path: build/moi-rakety-vverh--blown-away/solos/blown-away-solo.mp3
      hash: md5
      md5: e16d8a653df8c14708baaa3c02c928db
      size: 201589
  extract-solo-reference:
    cmd: nix run .#extract-audio -- 
      tracks/e889154d-ae2d-43f0-bd2d-df87d068c0f3/reference/audio/youtube-nDxJJ_aEt2g.webm
      00:02:22.700 00:00:10.900 'Blown Away — original solo 2:22.70–2:33.60' 
      build/moi-rakety-vverh--blown-away/solos/original-02m22.70-02m33.60.mp3
    deps:
    - path: flake.lock
      hash: md5
      md5: 2e457881a3463366e4c1ee8a5fc058d5
      size: 567
    - path: flake.nix
      hash: md5
      md5: aa4cb222ffc0f7ac19ec28ab0002d61f
      size: 13300
    - path: scripts/extract-audio
      hash: md5
      md5: 7b093548b1799bbbc49fd7b42539dd6a
      size: 587
    - path: 
        tracks/e889154d-ae2d-43f0-bd2d-df87d068c0f3/reference/audio/youtube-nDxJJ_aEt2g.webm
      hash: md5
      md5: 5d79602ada254c4be57bded20f69dd63
      size: 3054107
    outs:
    - path: 
        build/moi-rakety-vverh--blown-away/solos/original-02m22.70-02m33.60.mp3
      hash: md5
      md5: dbee200e7a0da779681817af74f0adf1
      size: 264391
  compare-solo:
    cmd: nix run .#stereo-compare -- 
      build/moi-rakety-vverh--blown-away/solos/original-02m22.70-02m33.60.mp3 
      build/moi-rakety-vverh--blown-away/solos/blown-away-solo.mp3 
      build/moi-rakety-vverh--blown-away/solos/comparison-original-left-transcription-right.mp3
    deps:
    - path: build/moi-rakety-vverh--blown-away/solos/blown-away-solo.mp3
      hash: md5
      md5: e16d8a653df8c14708baaa3c02c928db
      size: 201589
    - path: 
        build/moi-rakety-vverh--blown-away/solos/original-02m22.70-02m33.60.mp3
      hash: md5
      md5: dbee200e7a0da779681817af74f0adf1
      size: 264391
    - path: flake.lock
      hash: md5
      md5: 2e457881a3463366e4c1ee8a5fc058d5
      size: 567
    - path: flake.nix
      hash: md5
      md5: aa4cb222ffc0f7ac19ec28ab0002d61f
      size: 13300
    - path: scripts/stereo-compare
      hash: md5
      md5: 69a81979aa23926344bb8093b9cdde8f
      size: 725
    outs:
    - path: 
        build/moi-rakety-vverh--blown-away/solos/comparison-original-left-transcription-right.mp3
      hash: md5
      md5: f1dc98ab171d1aabd2abe35fbbf617bf
      size: 263064
  slow-comparison:
    cmd: nix run .#slow-audio -- 
      build/moi-rakety-vverh--blown-away/solos/comparison-original-left-transcription-right.mp3
      0.75 
      build/moi-rakety-vverh--blown-away/solos/comparison-original-left-transcription-right-slow.mp3
    deps:
    - path: 
        build/moi-rakety-vverh--blown-away/solos/comparison-original-left-transcription-right.mp3
      hash: md5
      md5: f1dc98ab171d1aabd2abe35fbbf617bf
      size: 263064
    - path: flake.lock
      hash: md5
      md5: 2e457881a3463366e4c1ee8a5fc058d5
      size: 567
    - path: flake.nix
      hash: md5
      md5: aa4cb222ffc0f7ac19ec28ab0002d61f
      size: 13300
    - path: scripts/slow-audio
      hash: md5
      md5: 72932ba55d64b1528f9c0b11670fbf6e
      size: 515
    outs:
    - path: 
        build/moi-rakety-vverh--blown-away/solos/comparison-original-left-transcription-right-slow.mp3
      hash: md5
      md5: 0a5e1da8ae8ace2f4d284e1cf1cff2b4
      size: 343534
