schema: '2.0'
stages:
  render-score:
    cmd: nix run .#render-7402bbda-e0cf-4960-9b85-d8f6f4f85533
    deps:
    - path: flake.lock
      hash: md5
      md5: 2e457881a3463366e4c1ee8a5fc058d5
      size: 567
    - path: flake.nix
      hash: md5
      md5: aa4cb222ffc0f7ac19ec28ab0002d61f
      size: 13300
    - path: tracks/7402bbda-e0cf-4960-9b85-d8f6f4f85533/music.ily
      hash: md5
      md5: 98f0bf2ec63b49d01792a4bec7d293c9
      size: 1418
    - path: tracks/7402bbda-e0cf-4960-9b85-d8f6f4f85533/score.ly
      hash: md5
      md5: c4ba1ae4b03b5c72fca6e08e49918fe0
      size: 12449
    outs:
    - path: build/atom-76--volki-okeana/score.midi
      hash: md5
      md5: dfae629cb9a3ee8a6d1a608e2651d634
      size: 4979
    - path: build/atom-76--volki-okeana/score.pdf
      hash: md5
      md5: 81c6db66651c90ceab4a303fbe410a4e
      size: 526559
  extract-early-solo-reference:
    cmd: nix run .#extract-audio -- 
      'tracks/7402bbda-e0cf-4960-9b85-d8f6f4f85533/reference/audio/03. Волки 
      Океана.mp3' 00:00:58.800 00:00:12.000 'Волки Океана — оригинальное раннее 
      соло 0:58.80–1:10.80' 
      build/atom-76--volki-okeana/solos/original-00m58.80-01m10.80.mp3
    deps:
    - path: flake.lock
      hash: md5
      md5: 2e457881a3463366e4c1ee8a5fc058d5
      size: 567
    - path: flake.nix
      hash: md5
      md5: aa4cb222ffc0f7ac19ec28ab0002d61f
      size: 13300
    - path: scripts/extract-audio
      hash: md5
      md5: 7b093548b1799bbbc49fd7b42539dd6a
      size: 587
    - path: tracks/7402bbda-e0cf-4960-9b85-d8f6f4f85533/reference/audio/03. 
        Волки Океана.mp3
      hash: md5
      md5: 10cb5a23d6de7dce3a358e1199a03ad2
      size: 15052666
    outs:
    - path: build/atom-76--volki-okeana/solos/original-00m58.80-01m10.80.mp3
      hash: md5
      md5: 68d2c9dcb7378661d8f02009ca655650
      size: 300715
  render-intro:
    cmd: nix run .#render-audition -- 
      tracks/7402bbda-e0cf-4960-9b85-d8f6f4f85533/sources/solos/intro-synth.ly 
      build/atom-76--volki-okeana/solos/intro-synth.pdf 
      build/atom-76--volki-okeana/solos/intro-synth.mp3 10.9
    deps:
    - path: flake.lock
      hash: md5
      md5: 2e457881a3463366e4c1ee8a5fc058d5
      size: 567
    - path: flake.nix
      hash: md5
      md5: aa4cb222ffc0f7ac19ec28ab0002d61f
      size: 13300
    - path: scripts/render-audition
      hash: md5
      md5: 496da5cbed5128ce76be3c9c45e85ea0
      size: 1657
    - path: tracks/7402bbda-e0cf-4960-9b85-d8f6f4f85533/music.ily
      hash: md5
      md5: 98f0bf2ec63b49d01792a4bec7d293c9
      size: 1418
    - path: 
        tracks/7402bbda-e0cf-4960-9b85-d8f6f4f85533/sources/solos/intro-synth.ly
      hash: md5
      md5: 070b3b2a087c2234df6ad9994599c75e
      size: 491
    outs:
    - path: build/atom-76--volki-okeana/solos/intro-synth.mp3
      hash: md5
      md5: f78a6fa485f5064e957bed9fc4f6a11c
      size: 225430
    - path: build/atom-76--volki-okeana/solos/intro-synth.pdf
      hash: md5
      md5: 264712bbc39c73392eef4b3e4a0891ca
      size: 78406
  render-early-solo:
    cmd: nix run .#render-audition -- 
      tracks/7402bbda-e0cf-4960-9b85-d8f6f4f85533/sources/solos/early-solo.ly 
      build/atom-76--volki-okeana/solos/early-solo.pdf 
      build/atom-76--volki-okeana/solos/early-solo.mp3 12.4
    deps:
    - path: flake.lock
      hash: md5
      md5: 2e457881a3463366e4c1ee8a5fc058d5
      size: 567
    - path: flake.nix
      hash: md5
      md5: aa4cb222ffc0f7ac19ec28ab0002d61f
      size: 13300
    - path: scripts/render-audition
      hash: md5
      md5: 496da5cbed5128ce76be3c9c45e85ea0
      size: 1657
    - path: tracks/7402bbda-e0cf-4960-9b85-d8f6f4f85533/music.ily
      hash: md5
      md5: 98f0bf2ec63b49d01792a4bec7d293c9
      size: 1418
    - path: 
        tracks/7402bbda-e0cf-4960-9b85-d8f6f4f85533/sources/solos/early-solo.ly
      hash: md5
      md5: 7cc75bf16524e719fa945beee2c1d262
      size: 410
    outs:
    - path: build/atom-76--volki-okeana/solos/early-solo.mp3
      hash: md5
      md5: 77e3c800d42a8a79c48af8f2a8e3bfb5
      size: 237449
    - path: build/atom-76--volki-okeana/solos/early-solo.pdf
      hash: md5
      md5: 496ebaca2d2c2bd9d9d0486472e4ac7a
      size: 64897
  render-early-solo-mordents:
    cmd: nix run .#render-audition -- 
      tracks/7402bbda-e0cf-4960-9b85-d8f6f4f85533/sources/solos/early-solo-mordents.ly
      build/atom-76--volki-okeana/solos/early-solo-mordents.pdf 
      build/atom-76--volki-okeana/solos/early-solo-mordents.mp3 14.63678
    deps:
    - path: flake.lock
      hash: md5
      md5: 2e457881a3463366e4c1ee8a5fc058d5
      size: 567
    - path: flake.nix
      hash: md5
      md5: aa4cb222ffc0f7ac19ec28ab0002d61f
      size: 13300
    - path: scripts/render-audition
      hash: md5
      md5: 496da5cbed5128ce76be3c9c45e85ea0
      size: 1657
    - path: 
        tracks/7402bbda-e0cf-4960-9b85-d8f6f4f85533/sources/solos/early-solo-mordents.ly
      hash: md5
      md5: 6d88d44152a72a8aa88017070a30c061
      size: 886
    outs:
    - path: build/atom-76--volki-okeana/solos/early-solo-mordents.mp3
      hash: md5
      md5: 63319d01ddeb164e3288da556cbe7d01
      size: 241401
    - path: build/atom-76--volki-okeana/solos/early-solo-mordents.pdf
      hash: md5
      md5: f336b04486387722ea586eb682f9785a
      size: 60044
  render-synth-solo:
    cmd: nix run .#render-audition -- 
      tracks/7402bbda-e0cf-4960-9b85-d8f6f4f85533/sources/solos/synth-solo-repeated.ly
      build/atom-76--volki-okeana/solos/synth-solo-repeated.pdf 
      build/atom-76--volki-okeana/solos/synth-solo-repeated.mp3 12.4
    deps:
    - path: flake.lock
      hash: md5
      md5: 2e457881a3463366e4c1ee8a5fc058d5
      size: 567
    - path: flake.nix
      hash: md5
      md5: aa4cb222ffc0f7ac19ec28ab0002d61f
      size: 13300
    - path: scripts/render-audition
      hash: md5
      md5: 496da5cbed5128ce76be3c9c45e85ea0
      size: 1657
    - path: tracks/7402bbda-e0cf-4960-9b85-d8f6f4f85533/music.ily
      hash: md5
      md5: 98f0bf2ec63b49d01792a4bec7d293c9
      size: 1418
    - path: 
        tracks/7402bbda-e0cf-4960-9b85-d8f6f4f85533/sources/solos/synth-solo-repeated.ly
      hash: md5
      md5: 1237da4b199edc3523c9423b34e12e22
      size: 428
    outs:
    - path: build/atom-76--volki-okeana/solos/synth-solo-repeated.mp3
      hash: md5
      md5: a68558791f4ccb6bf3b4eef76ab3d46e
      size: 248224
    - path: build/atom-76--volki-okeana/solos/synth-solo-repeated.pdf
      hash: md5
      md5: 59ef698f35566afd6042a14b52d4013b
      size: 71770
  render-guitar-break:
    cmd: nix run .#render-audition -- 
      tracks/7402bbda-e0cf-4960-9b85-d8f6f4f85533/sources/solos/guitar-break-03m11-draft.ly
      build/atom-76--volki-okeana/solos/guitar-break-03m11-draft.pdf 
      build/atom-76--volki-okeana/solos/guitar-break-03m11-draft.mp3 6.6
    deps:
    - path: flake.lock
      hash: md5
      md5: 2e457881a3463366e4c1ee8a5fc058d5
      size: 567
    - path: flake.nix
      hash: md5
      md5: aa4cb222ffc0f7ac19ec28ab0002d61f
      size: 13300
    - path: scripts/render-audition
      hash: md5
      md5: 496da5cbed5128ce76be3c9c45e85ea0
      size: 1657
    - path: tracks/7402bbda-e0cf-4960-9b85-d8f6f4f85533/music.ily
      hash: md5
      md5: 98f0bf2ec63b49d01792a4bec7d293c9
      size: 1418
    - path: 
        tracks/7402bbda-e0cf-4960-9b85-d8f6f4f85533/sources/solos/guitar-break-03m11-draft.ly
      hash: md5
      md5: d717e1196787cb06bb7fa5f77489b026
      size: 521
    outs:
    - path: build/atom-76--volki-okeana/solos/guitar-break-03m11-draft.mp3
      hash: md5
      md5: a78402d1f7b23a97565dc6900816ab8e
      size: 134406
    - path: build/atom-76--volki-okeana/solos/guitar-break-03m11-draft.pdf
      hash: md5
      md5: 32078a36d341d5618533b23aa14bb1ea
      size: 80212
  fetch-instrumental-reference:
    cmd: nix run .#fetch-youtube-audio -- 
      https://www.youtube.com/watch?v=2Goi7VNlL7I 251 
      9e07f7837e66556e575b9a28e3a944369d9c7e1a2a2e0e294976a32a9c90069a 
      tracks/7402bbda-e0cf-4960-9b85-d8f6f4f85533/reference/audio/youtube-2Goi7VNlL7I.webm
    deps:
    - path: flake.lock
      hash: md5
      md5: 2e457881a3463366e4c1ee8a5fc058d5
      size: 567
    - path: flake.nix
      hash: md5
      md5: aa4cb222ffc0f7ac19ec28ab0002d61f
      size: 13300
    - path: scripts/fetch-youtube-audio
      hash: md5
      md5: 3f1e74083aaa34ecbcd7cc254c1045b9
      size: 714
    outs:
    - path: 
        tracks/7402bbda-e0cf-4960-9b85-d8f6f4f85533/reference/audio/youtube-2Goi7VNlL7I.webm
      hash: md5
      md5: 8e323c5db296c093926e68739ee3bc68
      size: 5577383
  render-full-score-audition:
    cmd: nix run .#render-midi-audition -- 
      build/atom-76--volki-okeana/score.midi 
      build/atom-76--volki-okeana/full-score.mp3
    deps:
    - path: build/atom-76--volki-okeana/score.midi
      hash: md5
      md5: dfae629cb9a3ee8a6d1a608e2651d634
      size: 4979
    - path: flake.lock
      hash: md5
      md5: 2e457881a3463366e4c1ee8a5fc058d5
      size: 567
    - path: flake.nix
      hash: md5
      md5: aa4cb222ffc0f7ac19ec28ab0002d61f
      size: 13300
    - path: scripts/render-midi-audition
      hash: md5
      md5: 0ee6e7c31c03a795a3141c1d3ad2e3dd
      size: 901
    outs:
    - path: build/atom-76--volki-okeana/full-score.mp3
      hash: md5
      md5: cebf388bd36960e9885f27f016b5e06e
      size: 5696024
